
Microsoft Visual Studio Solution File, Format Version 12.00
# Visual Studio 15
VisualStudioVersion = 15.0.28010.2046
MinimumVisualStudioVersion = 10.0.40219.1
Project("{FAE04EC0-301F-11D3-BF4B-00C04F79EFBC}") = "01Count Chars in a String", "01Count Chars in a String\01Count Chars in a String.csproj", "{F41C4E48-36CB-4E4E-838B-48BA8D0E66F9}"
EndProject
Project("{FAE04EC0-301F-11D3-BF4B-00C04F79EFBC}") = "02. A Miner Task", "02. A Miner Task\02. A Miner Task.csproj", "{97948A16-EF6C-4FEC-8BE4-435210A6F6EA}"
EndProject
Global
	GlobalSection(SolutionConfigurationPlatforms) = preSolution
		Debug|Any CPU = Debug|Any CPU
		Release|Any CPU = Release|Any CPU
	EndGlobalSection
	GlobalSection(ProjectConfigurationPlatforms) = postSolution
		{F41C4E48-36CB-4E4E-838B-48BA8D0E66F9}.Debug|Any CPU.ActiveCfg = Debug|Any CPU
		{F41C4E48-36CB-4E4E-838B-48BA8D0E66F9}.Debug|Any CPU.Build.0 = Debug|Any CPU
		{F41C4E48-36CB-4E4E-838B-48BA8D0E66F9}.Release|Any CPU.ActiveCfg = Release|Any CPU
		{F41C4E48-36CB-4E4E-838B-48BA8D0E66F9}.Release|Any CPU.Build.0 = Release|Any CPU
		{97948A16-EF6C-4FEC-8BE4-435210A6F6EA}.Debug|Any CPU.ActiveCfg = Debug|Any CPU
		{97948A16-EF6C-4FEC-8BE4-435210A6F6EA}.Debug|Any CPU.Build.0 = Debug|Any CPU
		{97948A16-EF6C-4FEC-8BE4-435210A6F6EA}.Release|Any CPU.ActiveCfg = Release|Any CPU
		{97948A16-EF6C-4FEC-8BE4-435210A6F6EA}.Release|Any CPU.Build.0 = Release|Any CPU
	EndGlobalSection
	GlobalSection(SolutionProperties) = preSolution
		HideSolutionNode = FALSE
	EndGlobalSection
	GlobalSection(ExtensibilityGlobals) = postSolution
		SolutionGuid = {2D507647-5B87-4FF0-B49E-4C0956234A63}
	EndGlobalSection
EndGlobal
