
Microsoft Visual Studio Solution File, Format Version 12.00
# Visual Studio 15
VisualStudioVersion = 15.0.28010.2046
MinimumVisualStudioVersion = 10.0.40219.1
Project("{FAE04EC0-301F-11D3-BF4B-00C04F79EFBC}") = "01SquareArea", "C:\Users\viktor\source\repos\Programming Basics C SHarp\ConsoleApp1\01SquareArea.csproj", "{C1E57F7E-21C0-42A3-846C-3E2F531D43BF}"
EndProject
Project("{FAE04EC0-301F-11D3-BF4B-00C04F79EFBC}") = "02InchestoCentimeters", "C:\Users\viktor\source\repos\Programming Basics C SHarp\ConsoleApp2\02InchestoCentimeters.csproj", "{CB1B607B-E545-4CFF-B22D-2003D879A4E1}"
EndProject
Project("{FAE04EC0-301F-11D3-BF4B-00C04F79EFBC}") = "03GreetingByName", "C:\Users\viktor\source\repos\Programming Basics C SHarp\ConsoleApp3\03GreetingByName.csproj", "{8F032B5B-0E4B-464D-9F35-23938F0B9477}"
EndProject
Project("{FAE04EC0-301F-11D3-BF4B-00C04F79EFBC}") = "04Concatenate Data", "C:\Users\viktor\source\repos\Programming Basics C SHarp\04Concatenate Data\04Concatenate Data.csproj", "{3808E158-5856-4B9B-88D7-D1C52B69AF28}"
EndProject
Project("{FAE04EC0-301F-11D3-BF4B-00C04F79EFBC}") = "05Trapeziod Area", "C:\Users\viktor\source\repos\Programming Basics C SHarp\05Trapeziod Area\05Trapeziod Area.csproj", "{184F6392-CA99-42DD-9C2A-60DD8FC13E27}"
EndProject
Project("{FAE04EC0-301F-11D3-BF4B-00C04F79EFBC}") = "06Circle Area and Perimeter", "C:\Users\viktor\source\repos\Programming Basics C SHarp\06Circle Area and Perimeter\06Circle Area and Perimeter.csproj", "{18C7FB76-2399-425F-A1E4-6BEDB33E2E29}"
EndProject
Project("{FAE04EC0-301F-11D3-BF4B-00C04F79EFBC}") = "072DRectangle Area", "C:\Users\viktor\source\repos\Programming Basics C SHarp\072DRectangle Area\072DRectangle Area.csproj", "{805E5AD1-596A-49F3-AD19-52221D2B4261}"
EndProject
Global
	GlobalSection(SolutionConfigurationPlatforms) = preSolution
		Debug|Any CPU = Debug|Any CPU
		Release|Any CPU = Release|Any CPU
	EndGlobalSection
	GlobalSection(ProjectConfigurationPlatforms) = postSolution
		{C1E57F7E-21C0-42A3-846C-3E2F531D43BF}.Debug|Any CPU.ActiveCfg = Debug|Any CPU
		{C1E57F7E-21C0-42A3-846C-3E2F531D43BF}.Debug|Any CPU.Build.0 = Debug|Any CPU
		{C1E57F7E-21C0-42A3-846C-3E2F531D43BF}.Release|Any CPU.ActiveCfg = Release|Any CPU
		{C1E57F7E-21C0-42A3-846C-3E2F531D43BF}.Release|Any CPU.Build.0 = Release|Any CPU
		{CB1B607B-E545-4CFF-B22D-2003D879A4E1}.Debug|Any CPU.ActiveCfg = Debug|Any CPU
		{CB1B607B-E545-4CFF-B22D-2003D879A4E1}.Debug|Any CPU.Build.0 = Debug|Any CPU
		{CB1B607B-E545-4CFF-B22D-2003D879A4E1}.Release|Any CPU.ActiveCfg = Release|Any CPU
		{CB1B607B-E545-4CFF-B22D-2003D879A4E1}.Release|Any CPU.Build.0 = Release|Any CPU
		{8F032B5B-0E4B-464D-9F35-23938F0B9477}.Debug|Any CPU.ActiveCfg = Debug|Any CPU
		{8F032B5B-0E4B-464D-9F35-23938F0B9477}.Debug|Any CPU.Build.0 = Debug|Any CPU
		{8F032B5B-0E4B-464D-9F35-23938F0B9477}.Release|Any CPU.ActiveCfg = Release|Any CPU
		{8F032B5B-0E4B-464D-9F35-23938F0B9477}.Release|Any CPU.Build.0 = Release|Any CPU
		{3808E158-5856-4B9B-88D7-D1C52B69AF28}.Debug|Any CPU.ActiveCfg = Debug|Any CPU
		{3808E158-5856-4B9B-88D7-D1C52B69AF28}.Debug|Any CPU.Build.0 = Debug|Any CPU
		{3808E158-5856-4B9B-88D7-D1C52B69AF28}.Release|Any CPU.ActiveCfg = Release|Any CPU
		{3808E158-5856-4B9B-88D7-D1C52B69AF28}.Release|Any CPU.Build.0 = Release|Any CPU
		{184F6392-CA99-42DD-9C2A-60DD8FC13E27}.Debug|Any CPU.ActiveCfg = Debug|Any CPU
		{184F6392-CA99-42DD-9C2A-60DD8FC13E27}.Debug|Any CPU.Build.0 = Debug|Any CPU
		{184F6392-CA99-42DD-9C2A-60DD8FC13E27}.Release|Any CPU.ActiveCfg = Release|Any CPU
		{184F6392-CA99-42DD-9C2A-60DD8FC13E27}.Release|Any CPU.Build.0 = Release|Any CPU
		{18C7FB76-2399-425F-A1E4-6BEDB33E2E29}.Debug|Any CPU.ActiveCfg = Debug|Any CPU
		{18C7FB76-2399-425F-A1E4-6BEDB33E2E29}.Debug|Any CPU.Build.0 = Debug|Any CPU
		{18C7FB76-2399-425F-A1E4-6BEDB33E2E29}.Release|Any CPU.ActiveCfg = Release|Any CPU
		{18C7FB76-2399-425F-A1E4-6BEDB33E2E29}.Release|Any CPU.Build.0 = Release|Any CPU
		{805E5AD1-596A-49F3-AD19-52221D2B4261}.Debug|Any CPU.ActiveCfg = Debug|Any CPU
		{805E5AD1-596A-49F3-AD19-52221D2B4261}.Debug|Any CPU.Build.0 = Debug|Any CPU
		{805E5AD1-596A-49F3-AD19-52221D2B4261}.Release|Any CPU.ActiveCfg = Release|Any CPU
		{805E5AD1-596A-49F3-AD19-52221D2B4261}.Release|Any CPU.Build.0 = Release|Any CPU
	EndGlobalSection
	GlobalSection(SolutionProperties) = preSolution
		HideSolutionNode = FALSE
	EndGlobalSection
	GlobalSection(ExtensibilityGlobals) = postSolution
		SolutionGuid = {013D691C-3CE4-45D9-B116-200072A88136}
	EndGlobalSection
EndGlobal
